
Microsoft Visual Studio Solution File, Format Version 12.00
# Visual Studio Version 16
VisualStudioVersion = 16.0.29306.81
MinimumVisualStudioVersion = 10.0.40219.1
Project("{FAE04EC0-301F-11D3-BF4B-00C04F79EFBC}") = "numberApp", "numberApp.csproj", "{88B3C6AE-0260-4D66-9822-1930A2601F19}"
EndProject
Global
	GlobalSection(SolutionConfigurationPlatforms) = preSolution
		Debug|Any CPU = Debug|Any CPU
		Release|Any CPU = Release|Any CPU
	EndGlobalSection
	GlobalSection(ProjectConfigurationPlatforms) = postSolution
		{88B3C6AE-0260-4D66-9822-1930A2601F19}.Debug|Any CPU.ActiveCfg = Debug|Any CPU
		{88B3C6AE-0260-4D66-9822-1930A2601F19}.Debug|Any CPU.Build.0 = Debug|Any CPU
		{88B3C6AE-0260-4D66-9822-1930A2601F19}.Release|Any CPU.ActiveCfg = Release|Any CPU
		{88B3C6AE-0260-4D66-9822-1930A2601F19}.Release|Any CPU.Build.0 = Release|Any CPU
	EndGlobalSection
	GlobalSection(SolutionProperties) = preSolution
		HideSolutionNode = FALSE
	EndGlobalSection
	GlobalSection(ExtensibilityGlobals) = postSolution
		SolutionGuid = {33C88C0B-07BF-4E81-9839-BF50B0C0DDEE}
	EndGlobalSection
EndGlobal
